
Microsoft Visual Studio Solution File, Format Version 12.00
# Visual Studio 15
VisualStudioVersion = 15.0.27703.2026
MinimumVisualStudioVersion = 10.0.40219.1
Project("{FAE04EC0-301F-11D3-BF4B-00C04F79EFBC}") = "MassiveManagerChange", "MassiveManagerChange.csproj", "{906C70C0-9347-4D99-8309-FDF84EABA362}"
EndProject
Global
	GlobalSection(SolutionConfigurationPlatforms) = preSolution
		Debug|Any CPU = Debug|Any CPU
		Release|Any CPU = Release|Any CPU
	EndGlobalSection
	GlobalSection(ProjectConfigurationPlatforms) = postSolution
		{906C70C0-9347-4D99-8309-FDF84EABA362}.Debug|Any CPU.ActiveCfg = Debug|Any CPU
		{906C70C0-9347-4D99-8309-FDF84EABA362}.Debug|Any CPU.Build.0 = Debug|Any CPU
		{906C70C0-9347-4D99-8309-FDF84EABA362}.Release|Any CPU.ActiveCfg = Release|Any CPU
		{906C70C0-9347-4D99-8309-FDF84EABA362}.Release|Any CPU.Build.0 = Release|Any CPU
	EndGlobalSection
	GlobalSection(SolutionProperties) = preSolution
		HideSolutionNode = FALSE
	EndGlobalSection
	GlobalSection(ExtensibilityGlobals) = postSolution
		SolutionGuid = {581D904B-8E59-4405-A87D-5B75A35B0440}
	EndGlobalSection
EndGlobal
